// !$*UTF8*$!
{
	archiveVersion = 1;
	classes = {
	};
	objectVersion = 56;
	objects = {

/* Begin PBXBuildFile section */
		DD3A38D02AD8D5F600BA4100 /* ArcMenuButton.swift in Sources */ = {isa = PBXBuildFile; fileRef = DD3A38CF2AD8D5F600BA4100 /* ArcMenuButton.swift */; };
		DD3A38D82AD8EA6000BA4100 /* CompositionalView.swift in Sources */ = {isa = PBXBuildFile; fileRef = DD3A38D72AD8EA6000BA4100 /* CompositionalView.swift */; };
		DD3A38DA2AD8ED7B00BA4100 /* HomeCompositionalView.swift in Sources */ = {isa = PBXBuildFile; fileRef = DD3A38D92AD8ED7B00BA4100 /* HomeCompositionalView.swift */; };
		DD3A38DC2AD8F56000BA4100 /* ImageModel.swift in Sources */ = {isa = PBXBuildFile; fileRef = DD3A38DB2AD8F56000BA4100 /* ImageModel.swift */; };
		DD3A38DE2AD8F60200BA4100 /* ImageFetcher.swift in Sources */ = {isa = PBXBuildFile; fileRef = DD3A38DD2AD8F60200BA4100 /* ImageFetcher.swift */; };
		DD3A38E12AD8FA8D00BA4100 /* SDWebImageSwiftUI in Frameworks */ = {isa = PBXBuildFile; productRef = DD3A38E02AD8FA8D00BA4100 /* SDWebImageSwiftUI */; };
		DD5032652ACFBD730014585A /* FirstView.swift in Sources */ = {isa = PBXBuildFile; fileRef = DD5032642ACFBD730014585A /* FirstView.swift */; };
		DD5032682ACFC1DE0014585A /* Color.swift in Sources */ = {isa = PBXBuildFile; fileRef = DD5032672ACFC1DE0014585A /* Color.swift */; };
		DD5079EC2AD781F300D6535C /* Tab.swift in Sources */ = {isa = PBXBuildFile; fileRef = DD5079EB2AD781F300D6535C /* Tab.swift */; };
		DD5079EF2AD7835900D6535C /* HomeTabbar2View.swift in Sources */ = {isa = PBXBuildFile; fileRef = DD5079EE2AD7835900D6535C /* HomeTabbar2View.swift */; };
		DD5079F12AD7894B00D6535C /* TabShape.swift in Sources */ = {isa = PBXBuildFile; fileRef = DD5079F02AD7894B00D6535C /* TabShape.swift */; };
		DD5079F32AD78A5500D6535C /* TabPosition.swift in Sources */ = {isa = PBXBuildFile; fileRef = DD5079F22AD78A5500D6535C /* TabPosition.swift */; };
		DD5079F52AD7922300D6535C /* MovableGrids.swift in Sources */ = {isa = PBXBuildFile; fileRef = DD5079F42AD7922300D6535C /* MovableGrids.swift */; };
		DD5079F82AD7E38C00D6535C /* ParticleEffectsHome.swift in Sources */ = {isa = PBXBuildFile; fileRef = DD5079F72AD7E38C00D6535C /* ParticleEffectsHome.swift */; };
		DD5079FA2AD7E5ED00D6535C /* ParticleEffect.swift in Sources */ = {isa = PBXBuildFile; fileRef = DD5079F92AD7E5ED00D6535C /* ParticleEffect.swift */; };
		DD5079FC2AD7E69D00D6535C /* Particle.swift in Sources */ = {isa = PBXBuildFile; fileRef = DD5079FB2AD7E69D00D6535C /* Particle.swift */; };
		DD528DF42AD64DF80030DCB9 /* PageIntro.swift in Sources */ = {isa = PBXBuildFile; fileRef = DD528DF32AD64DF80030DCB9 /* PageIntro.swift */; };
		DD528DF72AD6520C0030DCB9 /* HomeOnBoarding2.swift in Sources */ = {isa = PBXBuildFile; fileRef = DD528DF62AD6520C0030DCB9 /* HomeOnBoarding2.swift */; };
		DD528DF92AD653EC0030DCB9 /* Views.swift in Sources */ = {isa = PBXBuildFile; fileRef = DD528DF82AD653EC0030DCB9 /* Views.swift */; };
		DD528DFB2AD654D80030DCB9 /* CustomIndicatorView.swift in Sources */ = {isa = PBXBuildFile; fileRef = DD528DFA2AD654D80030DCB9 /* CustomIndicatorView.swift */; };
		DD528DFD2AD659B30030DCB9 /* CustomTextField.swift in Sources */ = {isa = PBXBuildFile; fileRef = DD528DFC2AD659B30030DCB9 /* CustomTextField.swift */; };
		DD7FAC3C2ADA24A30099C44F /* CustomSearchbar.swift in Sources */ = {isa = PBXBuildFile; fileRef = DD7FAC3B2ADA24A30099C44F /* CustomSearchbar.swift */; };
		DD871AE02B01D5E200F26360 /* BubbleTransition.swift in Sources */ = {isa = PBXBuildFile; fileRef = DD871ADF2B01D5E200F26360 /* BubbleTransition.swift */; };
		DD92C76C2AD936B700A7A48B /* PasswordStrength.swift in Sources */ = {isa = PBXBuildFile; fileRef = DD92C76B2AD936B700A7A48B /* PasswordStrength.swift */; };
		DDB355572AD38FD800E2B4DB /* TypingEffectView.swift in Sources */ = {isa = PBXBuildFile; fileRef = DDB355562AD38FD800E2B4DB /* TypingEffectView.swift */; };
		DDB355592AD39EEA00E2B4DB /* OnboardingView.swift in Sources */ = {isa = PBXBuildFile; fileRef = DDB355582AD39EEA00E2B4DB /* OnboardingView.swift */; };
		DDB3555B2AD39FFE00E2B4DB /* SecondView.swift in Sources */ = {isa = PBXBuildFile; fileRef = DDB3555A2AD39FFE00E2B4DB /* SecondView.swift */; };
		DDB3555D2AD3A13100E2B4DB /* HomeOnboardingView.swift in Sources */ = {isa = PBXBuildFile; fileRef = DDB3555C2AD3A13100E2B4DB /* HomeOnboardingView.swift */; };
		DDBB89982ACA6E1B00171024 /* L_SwiftApp.swift in Sources */ = {isa = PBXBuildFile; fileRef = DDBB89972ACA6E1B00171024 /* L_SwiftApp.swift */; };
		DDBB899A2ACA6E1B00171024 /* ContentView.swift in Sources */ = {isa = PBXBuildFile; fileRef = DDBB89992ACA6E1B00171024 /* ContentView.swift */; };
		DDBB899C2ACA6E1D00171024 /* Assets.xcassets in Resources */ = {isa = PBXBuildFile; fileRef = DDBB899B2ACA6E1D00171024 /* Assets.xcassets */; };
		DDBB899F2ACA6E1D00171024 /* Preview Assets.xcassets in Resources */ = {isa = PBXBuildFile; fileRef = DDBB899E2ACA6E1D00171024 /* Preview Assets.xcassets */; };
		DDBB89A72ACA6E5B00171024 /* AnimationsOnCards.swift in Sources */ = {isa = PBXBuildFile; fileRef = DDBB89A62ACA6E5B00171024 /* AnimationsOnCards.swift */; };
		DDBB89AA2ACA796B00171024 /* SideMenuView.swift in Sources */ = {isa = PBXBuildFile; fileRef = DDBB89A92ACA796B00171024 /* SideMenuView.swift */; };
		DDBB89AC2ACAA0A000171024 /* TabViewV.swift in Sources */ = {isa = PBXBuildFile; fileRef = DDBB89AB2ACAA0A000171024 /* TabViewV.swift */; };
		DDFCD6AB2ACBA3A0003FAA5D /* TabbarAnimation.swift in Sources */ = {isa = PBXBuildFile; fileRef = DDFCD6AA2ACBA3A0003FAA5D /* TabbarAnimation.swift */; };
/* End PBXBuildFile section */

/* Begin PBXFileReference section */
		DD1651EA2AF8966B004DB3F5 /* Info.plist */ = {isa = PBXFileReference; lastKnownFileType = text.plist; path = Info.plist; sourceTree = "<group>"; };
		DD3A38CF2AD8D5F600BA4100 /* ArcMenuButton.swift */ = {isa = PBXFileReference; lastKnownFileType = sourcecode.swift; path = ArcMenuButton.swift; sourceTree = "<group>"; };
		DD3A38D72AD8EA6000BA4100 /* CompositionalView.swift */ = {isa = PBXFileReference; lastKnownFileType = sourcecode.swift; path = CompositionalView.swift; sourceTree = "<group>"; };
		DD3A38D92AD8ED7B00BA4100 /* HomeCompositionalView.swift */ = {isa = PBXFileReference; lastKnownFileType = sourcecode.swift; path = HomeCompositionalView.swift; sourceTree = "<group>"; };
		DD3A38DB2AD8F56000BA4100 /* ImageModel.swift */ = {isa = PBXFileReference; lastKnownFileType = sourcecode.swift; path = ImageModel.swift; sourceTree = "<group>"; };
		DD3A38DD2AD8F60200BA4100 /* ImageFetcher.swift */ = {isa = PBXFileReference; lastKnownFileType = sourcecode.swift; path = ImageFetcher.swift; sourceTree = "<group>"; };
		DD5032642ACFBD730014585A /* FirstView.swift */ = {isa = PBXFileReference; lastKnownFileType = sourcecode.swift; path = FirstView.swift; sourceTree = "<group>"; };
		DD5032672ACFC1DE0014585A /* Color.swift */ = {isa = PBXFileReference; lastKnownFileType = sourcecode.swift; path = Color.swift; sourceTree = "<group>"; };
		DD5079EB2AD781F300D6535C /* Tab.swift */ = {isa = PBXFileReference; lastKnownFileType = sourcecode.swift; path = Tab.swift; sourceTree = "<group>"; };
		DD5079EE2AD7835900D6535C /* HomeTabbar2View.swift */ = {isa = PBXFileReference; lastKnownFileType = sourcecode.swift; path = HomeTabbar2View.swift; sourceTree = "<group>"; };
		DD5079F02AD7894B00D6535C /* TabShape.swift */ = {isa = PBXFileReference; lastKnownFileType = sourcecode.swift; path = TabShape.swift; sourceTree = "<group>"; };
		DD5079F22AD78A5500D6535C /* TabPosition.swift */ = {isa = PBXFileReference; lastKnownFileType = sourcecode.swift; path = TabPosition.swift; sourceTree = "<group>"; };
		DD5079F42AD7922300D6535C /* MovableGrids.swift */ = {isa = PBXFileReference; lastKnownFileType = sourcecode.swift; path = MovableGrids.swift; sourceTree = "<group>"; };
		DD5079F72AD7E38C00D6535C /* ParticleEffectsHome.swift */ = {isa = PBXFileReference; lastKnownFileType = sourcecode.swift; path = ParticleEffectsHome.swift; sourceTree = "<group>"; };
		DD5079F92AD7E5ED00D6535C /* ParticleEffect.swift */ = {isa = PBXFileReference; lastKnownFileType = sourcecode.swift; path = ParticleEffect.swift; sourceTree = "<group>"; };
		DD5079FB2AD7E69D00D6535C /* Particle.swift */ = {isa = PBXFileReference; lastKnownFileType = sourcecode.swift; path = Particle.swift; sourceTree = "<group>"; };
		DD528DF32AD64DF80030DCB9 /* PageIntro.swift */ = {isa = PBXFileReference; lastKnownFileType = sourcecode.swift; path = PageIntro.swift; sourceTree = "<group>"; };
		DD528DF62AD6520C0030DCB9 /* HomeOnBoarding2.swift */ = {isa = PBXFileReference; lastKnownFileType = sourcecode.swift; path = HomeOnBoarding2.swift; sourceTree = "<group>"; };
		DD528DF82AD653EC0030DCB9 /* Views.swift */ = {isa = PBXFileReference; fileEncoding = 4; lastKnownFileType = sourcecode.swift; path = Views.swift; sourceTree = "<group>"; };
		DD528DFA2AD654D80030DCB9 /* CustomIndicatorView.swift */ = {isa = PBXFileReference; lastKnownFileType = sourcecode.swift; path = CustomIndicatorView.swift; sourceTree = "<group>"; };
		DD528DFC2AD659B30030DCB9 /* CustomTextField.swift */ = {isa = PBXFileReference; lastKnownFileType = sourcecode.swift; path = CustomTextField.swift; sourceTree = "<group>"; };
		DD7FAC3B2ADA24A30099C44F /* CustomSearchbar.swift */ = {isa = PBXFileReference; lastKnownFileType = sourcecode.swift; path = CustomSearchbar.swift; sourceTree = "<group>"; };
		DD871ADF2B01D5E200F26360 /* BubbleTransition.swift */ = {isa = PBXFileReference; lastKnownFileType = sourcecode.swift; path = BubbleTransition.swift; sourceTree = "<group>"; };
		DD92C76B2AD936B700A7A48B /* PasswordStrength.swift */ = {isa = PBXFileReference; lastKnownFileType = sourcecode.swift; path = PasswordStrength.swift; sourceTree = "<group>"; };
		DDB355562AD38FD800E2B4DB /* TypingEffectView.swift */ = {isa = PBXFileReference; lastKnownFileType = sourcecode.swift; path = TypingEffectView.swift; sourceTree = "<group>"; };
		DDB355582AD39EEA00E2B4DB /* OnboardingView.swift */ = {isa = PBXFileReference; lastKnownFileType = sourcecode.swift; path = OnboardingView.swift; sourceTree = "<group>"; };
		DDB3555A2AD39FFE00E2B4DB /* SecondView.swift */ = {isa = PBXFileReference; lastKnownFileType = sourcecode.swift; path = SecondView.swift; sourceTree = "<group>"; };
		DDB3555C2AD3A13100E2B4DB /* HomeOnboardingView.swift */ = {isa = PBXFileReference; lastKnownFileType = sourcecode.swift; path = HomeOnboardingView.swift; sourceTree = "<group>"; };
		DDBB89942ACA6E1B00171024 /* L-Swift.app */ = {isa = PBXFileReference; explicitFileType = wrapper.application; includeInIndex = 0; path = "L-Swift.app"; sourceTree = BUILT_PRODUCTS_DIR; };
		DDBB89972ACA6E1B00171024 /* L_SwiftApp.swift */ = {isa = PBXFileReference; lastKnownFileType = sourcecode.swift; path = L_SwiftApp.swift; sourceTree = "<group>"; };
		DDBB89992ACA6E1B00171024 /* ContentView.swift */ = {isa = PBXFileReference; lastKnownFileType = sourcecode.swift; path = ContentView.swift; sourceTree = "<group>"; };
		DDBB899B2ACA6E1D00171024 /* Assets.xcassets */ = {isa = PBXFileReference; lastKnownFileType = folder.assetcatalog; path = Assets.xcassets; sourceTree = "<group>"; };
		DDBB899E2ACA6E1D00171024 /* Preview Assets.xcassets */ = {isa = PBXFileReference; lastKnownFileType = folder.assetcatalog; path = "Preview Assets.xcassets"; sourceTree = "<group>"; };
		DDBB89A62ACA6E5B00171024 /* AnimationsOnCards.swift */ = {isa = PBXFileReference; lastKnownFileType = sourcecode.swift; path = AnimationsOnCards.swift; sourceTree = "<group>"; };
		DDBB89A92ACA796B00171024 /* SideMenuView.swift */ = {isa = PBXFileReference; lastKnownFileType = sourcecode.swift; path = SideMenuView.swift; sourceTree = "<group>"; };
		DDBB89AB2ACAA0A000171024 /* TabViewV.swift */ = {isa = PBXFileReference; lastKnownFileType = sourcecode.swift; path = TabViewV.swift; sourceTree = "<group>"; };
		DDFCD6AA2ACBA3A0003FAA5D /* TabbarAnimation.swift */ = {isa = PBXFileReference; lastKnownFileType = sourcecode.swift; path = TabbarAnimation.swift; sourceTree = "<group>"; };
/* End PBXFileReference section */

/* Begin PBXFrameworksBuildPhase section */
		DDBB89912ACA6E1B00171024 /* Frameworks */ = {
			isa = PBXFrameworksBuildPhase;
			buildActionMask = 2147483647;
			files = (
				DD3A38E12AD8FA8D00BA4100 /* SDWebImageSwiftUI in Frameworks */,
			);
			runOnlyForDeploymentPostprocessing = 0;
		};
/* End PBXFrameworksBuildPhase section */

/* Begin PBXGroup section */
		DD3A38D52AD8E96B00BA4100 /* ViewModel */ = {
			isa = PBXGroup;
			children = (
				DD3A38DD2AD8F60200BA4100 /* ImageFetcher.swift */,
			);
			path = ViewModel;
			sourceTree = "<group>";
		};
		DD3A38D62AD8EA2600BA4100 /* LazyCompositional */ = {
			isa = PBXGroup;
			children = (
				DD3A38D72AD8EA6000BA4100 /* CompositionalView.swift */,
				DD3A38D92AD8ED7B00BA4100 /* HomeCompositionalView.swift */,
			);
			path = LazyCompositional;
			sourceTree = "<group>";
		};
		DD5032632ACFBD460014585A /* Onboarding */ = {
			isa = PBXGroup;
			children = (
				DD5032642ACFBD730014585A /* FirstView.swift */,
				DDB355562AD38FD800E2B4DB /* TypingEffectView.swift */,
				DDB355582AD39EEA00E2B4DB /* OnboardingView.swift */,
				DDB3555A2AD39FFE00E2B4DB /* SecondView.swift */,
				DDB3555C2AD3A13100E2B4DB /* HomeOnboardingView.swift */,
			);
			path = Onboarding;
			sourceTree = "<group>";
		};
		DD5032662ACFC1D00014585A /* Extension */ = {
			isa = PBXGroup;
			children = (
				DD528DF82AD653EC0030DCB9 /* Views.swift */,
				DD5032672ACFC1DE0014585A /* Color.swift */,
			);
			path = Extension;
			sourceTree = "<group>";
		};
		DD5079ED2AD7832100D6535C /* Tabbar2 */ = {
			isa = PBXGroup;
			children = (
				DD5079EE2AD7835900D6535C /* HomeTabbar2View.swift */,
				DD5079F22AD78A5500D6535C /* TabPosition.swift */,
				DD5079F02AD7894B00D6535C /* TabShape.swift */,
			);
			path = Tabbar2;
			sourceTree = "<group>";
		};
		DD5079F62AD7E33E00D6535C /* ParticleEffects */ = {
			isa = PBXGroup;
			children = (
				DD5079F72AD7E38C00D6535C /* ParticleEffectsHome.swift */,
				DD5079F92AD7E5ED00D6535C /* ParticleEffect.swift */,
			);
			path = ParticleEffects;
			sourceTree = "<group>";
		};
		DD528DF22AD64DDD0030DCB9 /* Models */ = {
			isa = PBXGroup;
			children = (
				DD528DF32AD64DF80030DCB9 /* PageIntro.swift */,
				DD5079EB2AD781F300D6535C /* Tab.swift */,
				DD5079FB2AD7E69D00D6535C /* Particle.swift */,
				DD3A38DB2AD8F56000BA4100 /* ImageModel.swift */,
			);
			path = Models;
			sourceTree = "<group>";
		};
		DD528DF52AD651BE0030DCB9 /* Onboarding2 */ = {
			isa = PBXGroup;
			children = (
				DD528DF62AD6520C0030DCB9 /* HomeOnBoarding2.swift */,
				DD528DFC2AD659B30030DCB9 /* CustomTextField.swift */,
				DD528DFA2AD654D80030DCB9 /* CustomIndicatorView.swift */,
			);
			path = Onboarding2;
			sourceTree = "<group>";
		};
		DD871ADE2B01D5C200F26360 /* BubbleTransition */ = {
			isa = PBXGroup;
			children = (
				DD871ADF2B01D5E200F26360 /* BubbleTransition.swift */,
			);
			path = BubbleTransition;
			sourceTree = "<group>";
		};
		DDBB898B2ACA6E1B00171024 = {
			isa = PBXGroup;
			children = (
				DDBB89962ACA6E1B00171024 /* L-Swift */,
				DDBB89952ACA6E1B00171024 /* Products */,
			);
			sourceTree = "<group>";
		};
		DDBB89952ACA6E1B00171024 /* Products */ = {
			isa = PBXGroup;
			children = (
				DDBB89942ACA6E1B00171024 /* L-Swift.app */,
			);
			name = Products;
			sourceTree = "<group>";
		};
		DDBB89962ACA6E1B00171024 /* L-Swift */ = {
			isa = PBXGroup;
			children = (
				DD1651EA2AF8966B004DB3F5 /* Info.plist */,
				DD3A38D52AD8E96B00BA4100 /* ViewModel */,
				DD528DF22AD64DDD0030DCB9 /* Models */,
				DD5032662ACFC1D00014585A /* Extension */,
				DDBB89A52ACA6E3C00171024 /* Components */,
				DDBB89972ACA6E1B00171024 /* L_SwiftApp.swift */,
				DDBB89992ACA6E1B00171024 /* ContentView.swift */,
				DDBB899B2ACA6E1D00171024 /* Assets.xcassets */,
				DDBB899D2ACA6E1D00171024 /* Preview Content */,
			);
			path = "L-Swift";
			sourceTree = "<group>";
		};
		DDBB899D2ACA6E1D00171024 /* Preview Content */ = {
			isa = PBXGroup;
			children = (
				DDBB899E2ACA6E1D00171024 /* Preview Assets.xcassets */,
			);
			path = "Preview Content";
			sourceTree = "<group>";
		};
		DDBB89A52ACA6E3C00171024 /* Components */ = {
			isa = PBXGroup;
			children = (
				DD871ADE2B01D5C200F26360 /* BubbleTransition */,
				DD3A38D62AD8EA2600BA4100 /* LazyCompositional */,
				DD5079F62AD7E33E00D6535C /* ParticleEffects */,
				DD5079ED2AD7832100D6535C /* Tabbar2 */,
				DD528DF52AD651BE0030DCB9 /* Onboarding2 */,
				DD5032632ACFBD460014585A /* Onboarding */,
				DDBB89A82ACA794F00171024 /* SideMenu */,
				DDBB89A62ACA6E5B00171024 /* AnimationsOnCards.swift */,
				DDFCD6AA2ACBA3A0003FAA5D /* TabbarAnimation.swift */,
				DD5079F42AD7922300D6535C /* MovableGrids.swift */,
				DD3A38CF2AD8D5F600BA4100 /* ArcMenuButton.swift */,
				DD92C76B2AD936B700A7A48B /* PasswordStrength.swift */,
				DD7FAC3B2ADA24A30099C44F /* CustomSearchbar.swift */,
			);
			path = Components;
			sourceTree = "<group>";
		};
		DDBB89A82ACA794F00171024 /* SideMenu */ = {
			isa = PBXGroup;
			children = (
				DDBB89A92ACA796B00171024 /* SideMenuView.swift */,
				DDBB89AB2ACAA0A000171024 /* TabViewV.swift */,
			);
			path = SideMenu;
			sourceTree = "<group>";
		};
/* End PBXGroup section */

/* Begin PBXNativeTarget section */
		DDBB89932ACA6E1B00171024 /* L-Swift */ = {
			isa = PBXNativeTarget;
			buildConfigurationList = DDBB89A22ACA6E1D00171024 /* Build configuration list for PBXNativeTarget "L-Swift" */;
			buildPhases = (
				DDBB89902ACA6E1B00171024 /* Sources */,
				DDBB89912ACA6E1B00171024 /* Frameworks */,
				DDBB89922ACA6E1B00171024 /* Resources */,
			);
			buildRules = (
			);
			dependencies = (
			);
			name = "L-Swift";
			packageProductDependencies = (
				DD3A38E02AD8FA8D00BA4100 /* SDWebImageSwiftUI */,
			);
			productName = "L-Swift";
			productReference = DDBB89942ACA6E1B00171024 /* L-Swift.app */;
			productType = "com.apple.product-type.application";
		};
/* End PBXNativeTarget section */

/* Begin PBXProject section */
		DDBB898C2ACA6E1B00171024 /* Project object */ = {
			isa = PBXProject;
			attributes = {
				BuildIndependentTargetsInParallel = 1;
				LastSwiftUpdateCheck = 1420;
				LastUpgradeCheck = 1420;
				TargetAttributes = {
					DDBB89932ACA6E1B00171024 = {
						CreatedOnToolsVersion = 14.2;
					};
				};
			};
			buildConfigurationList = DDBB898F2ACA6E1B00171024 /* Build configuration list for PBXProject "L-Swift" */;
			compatibilityVersion = "Xcode 14.0";
			developmentRegion = en;
			hasScannedForEncodings = 0;
			knownRegions = (
				en,
				Base,
			);
			mainGroup = DDBB898B2ACA6E1B00171024;
			packageReferences = (
				DD3A38DF2AD8FA8D00BA4100 /* XCRemoteSwiftPackageReference "SDWebImageSwiftUI" */,
			);
			productRefGroup = DDBB89952ACA6E1B00171024 /* Products */;
			projectDirPath = "";
			projectRoot = "";
			targets = (
				DDBB89932ACA6E1B00171024 /* L-Swift */,
			);
		};
/* End PBXProject section */

/* Begin PBXResourcesBuildPhase section */
		DDBB89922ACA6E1B00171024 /* Resources */ = {
			isa = PBXResourcesBuildPhase;
			buildActionMask = 2147483647;
			files = (
				DDBB899F2ACA6E1D00171024 /* Preview Assets.xcassets in Resources */,
				DDBB899C2ACA6E1D00171024 /* Assets.xcassets in Resources */,
			);
			runOnlyForDeploymentPostprocessing = 0;
		};
/* End PBXResourcesBuildPhase section */

/* Begin PBXSourcesBuildPhase section */
		DDBB89902ACA6E1B00171024 /* Sources */ = {
			isa = PBXSourcesBuildPhase;
			buildActionMask = 2147483647;
			files = (
				DD528DF72AD6520C0030DCB9 /* HomeOnBoarding2.swift in Sources */,
				DD5079FC2AD7E69D00D6535C /* Particle.swift in Sources */,
				DD528DF42AD64DF80030DCB9 /* PageIntro.swift in Sources */,
				DD5032652ACFBD730014585A /* FirstView.swift in Sources */,
				DDFCD6AB2ACBA3A0003FAA5D /* TabbarAnimation.swift in Sources */,
				DDBB899A2ACA6E1B00171024 /* ContentView.swift in Sources */,
				DD871AE02B01D5E200F26360 /* BubbleTransition.swift in Sources */,
				DD5079EF2AD7835900D6535C /* HomeTabbar2View.swift in Sources */,
				DDB355592AD39EEA00E2B4DB /* OnboardingView.swift in Sources */,
				DDBB89AC2ACAA0A000171024 /* TabViewV.swift in Sources */,
				DD3A38DE2AD8F60200BA4100 /* ImageFetcher.swift in Sources */,
				DD3A38D82AD8EA6000BA4100 /* CompositionalView.swift in Sources */,
				DD5079FA2AD7E5ED00D6535C /* ParticleEffect.swift in Sources */,
				DD528DFB2AD654D80030DCB9 /* CustomIndicatorView.swift in Sources */,
				DD3A38DA2AD8ED7B00BA4100 /* HomeCompositionalView.swift in Sources */,
				DD5079F12AD7894B00D6535C /* TabShape.swift in Sources */,
				DD528DFD2AD659B30030DCB9 /* CustomTextField.swift in Sources */,
				DDB3555B2AD39FFE00E2B4DB /* SecondView.swift in Sources */,
				DD528DF92AD653EC0030DCB9 /* Views.swift in Sources */,
				DDBB89A72ACA6E5B00171024 /* AnimationsOnCards.swift in Sources */,
				DD5079F32AD78A5500D6535C /* TabPosition.swift in Sources */,
				DD92C76C2AD936B700A7A48B /* PasswordStrength.swift in Sources */,
				DD3A38DC2AD8F56000BA4100 /* ImageModel.swift in Sources */,
				DD7FAC3C2ADA24A30099C44F /* CustomSearchbar.swift in Sources */,
				DD5079F82AD7E38C00D6535C /* ParticleEffectsHome.swift in Sources */,
				DD5032682ACFC1DE0014585A /* Color.swift in Sources */,
				DD5079F52AD7922300D6535C /* MovableGrids.swift in Sources */,
				DDBB89AA2ACA796B00171024 /* SideMenuView.swift in Sources */,
				DDB355572AD38FD800E2B4DB /* TypingEffectView.swift in Sources */,
				DD5079EC2AD781F300D6535C /* Tab.swift in Sources */,
				DD3A38D02AD8D5F600BA4100 /* ArcMenuButton.swift in Sources */,
				DDB3555D2AD3A13100E2B4DB /* HomeOnboardingView.swift in Sources */,
				DDBB89982ACA6E1B00171024 /* L_SwiftApp.swift in Sources */,
			);
			runOnlyForDeploymentPostprocessing = 0;
		};
/* End PBXSourcesBuildPhase section */

/* Begin XCBuildConfiguration section */
		DDBB89A02ACA6E1D00171024 /* Debug */ = {
			isa = XCBuildConfiguration;
			buildSettings = {
				ALWAYS_SEARCH_USER_PATHS = NO;
				CLANG_ANALYZER_NONNULL = YES;
				CLANG_ANALYZER_NUMBER_OBJECT_CONVERSION = YES_AGGRESSIVE;
				CLANG_CXX_LANGUAGE_STANDARD = "gnu++20";
				CLANG_ENABLE_MODULES = YES;
				CLANG_ENABLE_OBJC_ARC = YES;
				CLANG_ENABLE_OBJC_WEAK = YES;
				CLANG_WARN_BLOCK_CAPTURE_AUTORELEASING = YES;
				CLANG_WARN_BOOL_CONVERSION = YES;
				CLANG_WARN_COMMA = YES;
				CLANG_WARN_CONSTANT_CONVERSION = YES;
				CLANG_WARN_DEPRECATED_OBJC_IMPLEMENTATIONS = YES;
				CLANG_WARN_DIRECT_OBJC_ISA_USAGE = YES_ERROR;
				CLANG_WARN_DOCUMENTATION_COMMENTS = YES;
				CLANG_WARN_EMPTY_BODY = YES;
				CLANG_WARN_ENUM_CONVERSION = YES;
				CLANG_WARN_INFINITE_RECURSION = YES;
				CLANG_WARN_INT_CONVERSION = YES;
				CLANG_WARN_NON_LITERAL_NULL_CONVERSION = YES;
				CLANG_WARN_OBJC_IMPLICIT_RETAIN_SELF = YES;
				CLANG_WARN_OBJC_LITERAL_CONVERSION = YES;
				CLANG_WARN_OBJC_ROOT_CLASS = YES_ERROR;
				CLANG_WARN_QUOTED_INCLUDE_IN_FRAMEWORK_HEADER = YES;
				CLANG_WARN_RANGE_LOOP_ANALYSIS = YES;
				CLANG_WARN_STRICT_PROTOTYPES = YES;
				CLANG_WARN_SUSPICIOUS_MOVE = YES;
				CLANG_WARN_UNGUARDED_AVAILABILITY = YES_AGGRESSIVE;
				CLANG_WARN_UNREACHABLE_CODE = YES;
				CLANG_WARN__DUPLICATE_METHOD_MATCH = YES;
				COPY_PHASE_STRIP = NO;
				DEBUG_INFORMATION_FORMAT = dwarf;
				ENABLE_STRICT_OBJC_MSGSEND = YES;
				ENABLE_TESTABILITY = YES;
				GCC_C_LANGUAGE_STANDARD = gnu11;
				GCC_DYNAMIC_NO_PIC = NO;
				GCC_NO_COMMON_BLOCKS = YES;
				GCC_OPTIMIZATION_LEVEL = 0;
				GCC_PREPROCESSOR_DEFINITIONS = (
					"DEBUG=1",
					"$(inherited)",
				);
				GCC_WARN_64_TO_32_BIT_CONVERSION = YES;
				GCC_WARN_ABOUT_RETURN_TYPE = YES_ERROR;
				GCC_WARN_UNDECLARED_SELECTOR = YES;
				GCC_WARN_UNINITIALIZED_AUTOS = YES_AGGRESSIVE;
				GCC_WARN_UNUSED_FUNCTION = YES;
				GCC_WARN_UNUSED_VARIABLE = YES;
				IPHONEOS_DEPLOYMENT_TARGET = 16.2;
				MTL_ENABLE_DEBUG_INFO = INCLUDE_SOURCE;
				MTL_FAST_MATH = YES;
				ONLY_ACTIVE_ARCH = YES;
				SDKROOT = iphoneos;
				SWIFT_ACTIVE_COMPILATION_CONDITIONS = DEBUG;
				SWIFT_OPTIMIZATION_LEVEL = "-Onone";
			};
			name = Debug;
		};
		DDBB89A12ACA6E1D00171024 /* Release */ = {
			isa = XCBuildConfiguration;
			buildSettings = {
				ALWAYS_SEARCH_USER_PATHS = NO;
				CLANG_ANALYZER_NONNULL = YES;
				CLANG_ANALYZER_NUMBER_OBJECT_CONVERSION = YES_AGGRESSIVE;
				CLANG_CXX_LANGUAGE_STANDARD = "gnu++20";
				CLANG_ENABLE_MODULES = YES;
				CLANG_ENABLE_OBJC_ARC = YES;
				CLANG_ENABLE_OBJC_WEAK = YES;
				CLANG_WARN_BLOCK_CAPTURE_AUTORELEASING = YES;
				CLANG_WARN_BOOL_CONVERSION = YES;
				CLANG_WARN_COMMA = YES;
				CLANG_WARN_CONSTANT_CONVERSION = YES;
				CLANG_WARN_DEPRECATED_OBJC_IMPLEMENTATIONS = YES;
				CLANG_WARN_DIRECT_OBJC_ISA_USAGE = YES_ERROR;
				CLANG_WARN_DOCUMENTATION_COMMENTS = YES;
				CLANG_WARN_EMPTY_BODY = YES;
				CLANG_WARN_ENUM_CONVERSION = YES;
				CLANG_WARN_INFINITE_RECURSION = YES;
				CLANG_WARN_INT_CONVERSION = YES;
				CLANG_WARN_NON_LITERAL_NULL_CONVERSION = YES;
				CLANG_WARN_OBJC_IMPLICIT_RETAIN_SELF = YES;
				CLANG_WARN_OBJC_LITERAL_CONVERSION = YES;
				CLANG_WARN_OBJC_ROOT_CLASS = YES_ERROR;
				CLANG_WARN_QUOTED_INCLUDE_IN_FRAMEWORK_HEADER = YES;
				CLANG_WARN_RANGE_LOOP_ANALYSIS = YES;
				CLANG_WARN_STRICT_PROTOTYPES = YES;
				CLANG_WARN_SUSPICIOUS_MOVE = YES;
				CLANG_WARN_UNGUARDED_AVAILABILITY = YES_AGGRESSIVE;
				CLANG_WARN_UNREACHABLE_CODE = YES;
				CLANG_WARN__DUPLICATE_METHOD_MATCH = YES;
				COPY_PHASE_STRIP = NO;
				DEBUG_INFORMATION_FORMAT = "dwarf-with-dsym";
				ENABLE_NS_ASSERTIONS = NO;
				ENABLE_STRICT_OBJC_MSGSEND = YES;
				GCC_C_LANGUAGE_STANDARD = gnu11;
				GCC_NO_COMMON_BLOCKS = YES;
				GCC_WARN_64_TO_32_BIT_CONVERSION = YES;
				GCC_WARN_ABOUT_RETURN_TYPE = YES_ERROR;
				GCC_WARN_UNDECLARED_SELECTOR = YES;
				GCC_WARN_UNINITIALIZED_AUTOS = YES_AGGRESSIVE;
				GCC_WARN_UNUSED_FUNCTION = YES;
				GCC_WARN_UNUSED_VARIABLE = YES;
				IPHONEOS_DEPLOYMENT_TARGET = 16.2;
				MTL_ENABLE_DEBUG_INFO = NO;
				MTL_FAST_MATH = YES;
				SDKROOT = iphoneos;
				SWIFT_COMPILATION_MODE = wholemodule;
				SWIFT_OPTIMIZATION_LEVEL = "-O";
				VALIDATE_PRODUCT = YES;
			};
			name = Release;
		};
		DDBB89A32ACA6E1D00171024 /* Debug */ = {
			isa = XCBuildConfiguration;
			buildSettings = {
				ASSETCATALOG_COMPILER_APPICON_NAME = AppIcon;
				ASSETCATALOG_COMPILER_GLOBAL_ACCENT_COLOR_NAME = AccentColor;
				CODE_SIGN_STYLE = Automatic;
				CURRENT_PROJECT_VERSION = 1;
				DEVELOPMENT_ASSET_PATHS = "\"L-Swift/Preview Content\"";
				DEVELOPMENT_TEAM = PD5C78B8LS;
				ENABLE_PREVIEWS = YES;
				GENERATE_INFOPLIST_FILE = YES;
				INFOPLIST_FILE = "L-Swift/Info.plist";
				INFOPLIST_KEY_UIApplicationSupportsIndirectInputEvents = YES;
				INFOPLIST_KEY_UILaunchScreen_Generation = YES;
				INFOPLIST_KEY_UISupportedInterfaceOrientations_iPad = "UIInterfaceOrientationPortrait UIInterfaceOrientationPortraitUpsideDown UIInterfaceOrientationLandscapeLeft UIInterfaceOrientationLandscapeRight";
				INFOPLIST_KEY_UISupportedInterfaceOrientations_iPhone = "UIInterfaceOrientationPortrait UIInterfaceOrientationLandscapeLeft UIInterfaceOrientationLandscapeRight";
				LD_RUNPATH_SEARCH_PATHS = (
					"$(inherited)",
					"@executable_path/Frameworks",
				);
				MARKETING_VERSION = 1.0;
				PRODUCT_BUNDLE_IDENTIFIER = "com.a.L-Swift";
				PRODUCT_NAME = "$(TARGET_NAME)";
				SWIFT_EMIT_LOC_STRINGS = YES;
				SWIFT_VERSION = 5.0;
				TARGETED_DEVICE_FAMILY = "1,2";
			};
			name = Debug;
		};
		DDBB89A42ACA6E1D00171024 /* Release */ = {
			isa = XCBuildConfiguration;
			buildSettings = {
				ASSETCATALOG_COMPILER_APPICON_NAME = AppIcon;
				ASSETCATALOG_COMPILER_GLOBAL_ACCENT_COLOR_NAME = AccentColor;
				CODE_SIGN_STYLE = Automatic;
				CURRENT_PROJECT_VERSION = 1;
				DEVELOPMENT_ASSET_PATHS = "\"L-Swift/Preview Content\"";
				DEVELOPMENT_TEAM = PD5C78B8LS;
				ENABLE_PREVIEWS = YES;
				GENERATE_INFOPLIST_FILE = YES;
				INFOPLIST_FILE = "L-Swift/Info.plist";
				INFOPLIST_KEY_UIApplicationSupportsIndirectInputEvents = YES;
				INFOPLIST_KEY_UILaunchScreen_Generation = YES;
				INFOPLIST_KEY_UISupportedInterfaceOrientations_iPad = "UIInterfaceOrientationPortrait UIInterfaceOrientationPortraitUpsideDown UIInterfaceOrientationLandscapeLeft UIInterfaceOrientationLandscapeRight";
				INFOPLIST_KEY_UISupportedInterfaceOrientations_iPhone = "UIInterfaceOrientationPortrait UIInterfaceOrientationLandscapeLeft UIInterfaceOrientationLandscapeRight";
				LD_RUNPATH_SEARCH_PATHS = (
					"$(inherited)",
					"@executable_path/Frameworks",
				);
				MARKETING_VERSION = 1.0;
				PRODUCT_BUNDLE_IDENTIFIER = "com.a.L-Swift";
				PRODUCT_NAME = "$(TARGET_NAME)";
				SWIFT_EMIT_LOC_STRINGS = YES;
				SWIFT_VERSION = 5.0;
				TARGETED_DEVICE_FAMILY = "1,2";
			};
			name = Release;
		};
/* End XCBuildConfiguration section */

/* Begin XCConfigurationList section */
		DDBB898F2ACA6E1B00171024 /* Build configuration list for PBXProject "L-Swift" */ = {
			isa = XCConfigurationList;
			buildConfigurations = (
				DDBB89A02ACA6E1D00171024 /* Debug */,
				DDBB89A12ACA6E1D00171024 /* Release */,
			);
			defaultConfigurationIsVisible = 0;
			defaultConfigurationName = Release;
		};
		DDBB89A22ACA6E1D00171024 /* Build configuration list for PBXNativeTarget "L-Swift" */ = {
			isa = XCConfigurationList;
			buildConfigurations = (
				DDBB89A32ACA6E1D00171024 /* Debug */,
				DDBB89A42ACA6E1D00171024 /* Release */,
			);
			defaultConfigurationIsVisible = 0;
			defaultConfigurationName = Release;
		};
/* End XCConfigurationList section */

/* Begin XCRemoteSwiftPackageReference section */
		DD3A38DF2AD8FA8D00BA4100 /* XCRemoteSwiftPackageReference "SDWebImageSwiftUI" */ = {
			isa = XCRemoteSwiftPackageReference;
			repositoryURL = "https://github.com/SDWebImage/SDWebImageSwiftUI";
			requirement = {
				kind = upToNextMajorVersion;
				minimumVersion = 2.0.0;
			};
		};
/* End XCRemoteSwiftPackageReference section */

/* Begin XCSwiftPackageProductDependency section */
		DD3A38E02AD8FA8D00BA4100 /* SDWebImageSwiftUI */ = {
			isa = XCSwiftPackageProductDependency;
			package = DD3A38DF2AD8FA8D00BA4100 /* XCRemoteSwiftPackageReference "SDWebImageSwiftUI" */;
			productName = SDWebImageSwiftUI;
		};
/* End XCSwiftPackageProductDependency section */
	};
	rootObject = DDBB898C2ACA6E1B00171024 /* Project object */;
}
